
Microsoft Visual Studio Solution File, Format Version 12.00
# Visual Studio Version 16
VisualStudioVersion = 16.0.31515.178
MinimumVisualStudioVersion = 10.0.40219.1
Project("{FAE04EC0-301F-11D3-BF4B-00C04F79EFBC}") = "Consultorio", "Consultorio\Consultorio.csproj", "{D81192F5-0E04-42D7-ACB1-A8B3D2786F9E}"
EndProject
Global
	GlobalSection(SolutionConfigurationPlatforms) = preSolution
		Debug|Any CPU = Debug|Any CPU
		Release|Any CPU = Release|Any CPU
	EndGlobalSection
	GlobalSection(ProjectConfigurationPlatforms) = postSolution
		{D81192F5-0E04-42D7-ACB1-A8B3D2786F9E}.Debug|Any CPU.ActiveCfg = Debug|Any CPU
		{D81192F5-0E04-42D7-ACB1-A8B3D2786F9E}.Debug|Any CPU.Build.0 = Debug|Any CPU
		{D81192F5-0E04-42D7-ACB1-A8B3D2786F9E}.Release|Any CPU.ActiveCfg = Release|Any CPU
		{D81192F5-0E04-42D7-ACB1-A8B3D2786F9E}.Release|Any CPU.Build.0 = Release|Any CPU
	EndGlobalSection
	GlobalSection(SolutionProperties) = preSolution
		HideSolutionNode = FALSE
	EndGlobalSection
	GlobalSection(ExtensibilityGlobals) = postSolution
		SolutionGuid = {B0CAC331-ABE0-4560-A838-2161A85136E2}
	EndGlobalSection
EndGlobal
